// !$*UTF8*$!
{
	archiveVersion = 1;
	classes = {
	};
	objectVersion = 46;
	objects = {

/* Begin PBXBuildFile section */
		9434BFA214A389BC00B34419 /* Foundation.framework in Frameworks */ = {isa = PBXBuildFile; fileRef = 9434BFA114A389BC00B34419 /* Foundation.framework */; };
		9434BFBF14A38A9B00B34419 /* FileInZipInfo.h in Headers */ = {isa = PBXBuildFile; fileRef = 9434BFB514A38A9B00B34419 /* FileInZipInfo.h */; settings = {ATTRIBUTES = (Public, ); }; };
		9434BFC014A38A9B00B34419 /* FileInZipInfo.m in Sources */ = {isa = PBXBuildFile; fileRef = 9434BFB614A38A9B00B34419 /* FileInZipInfo.m */; };
		9434BFC114A38A9B00B34419 /* ZipException.h in Headers */ = {isa = PBXBuildFile; fileRef = 9434BFB714A38A9B00B34419 /* ZipException.h */; settings = {ATTRIBUTES = (Public, ); }; };
		9434BFC214A38A9B00B34419 /* ZipException.m in Sources */ = {isa = PBXBuildFile; fileRef = 9434BFB814A38A9B00B34419 /* ZipException.m */; };
		9434BFC314A38A9B00B34419 /* ZipFile.h in Headers */ = {isa = PBXBuildFile; fileRef = 9434BFB914A38A9B00B34419 /* ZipFile.h */; settings = {ATTRIBUTES = (Public, ); }; };
		9434BFC414A38A9B00B34419 /* ZipFile.m in Sources */ = {isa = PBXBuildFile; fileRef = 9434BFBA14A38A9B00B34419 /* ZipFile.m */; };
		9434BFC514A38A9B00B34419 /* ZipReadStream.h in Headers */ = {isa = PBXBuildFile; fileRef = 9434BFBB14A38A9B00B34419 /* ZipReadStream.h */; settings = {ATTRIBUTES = (Public, ); }; };
		9434BFC614A38A9B00B34419 /* ZipReadStream.m in Sources */ = {isa = PBXBuildFile; fileRef = 9434BFBC14A38A9B00B34419 /* ZipReadStream.m */; };
		9434BFC714A38A9B00B34419 /* ZipWriteStream.h in Headers */ = {isa = PBXBuildFile; fileRef = 9434BFBD14A38A9B00B34419 /* ZipWriteStream.h */; settings = {ATTRIBUTES = (Public, ); }; };
		9434BFC814A38A9B00B34419 /* ZipWriteStream.m in Sources */ = {isa = PBXBuildFile; fileRef = 9434BFBE14A38A9B00B34419 /* ZipWriteStream.m */; };
		9434BFD614A38D0B00B34419 /* crypt.h in Headers */ = {isa = PBXBuildFile; fileRef = 9434BFCD14A38D0B00B34419 /* crypt.h */; settings = {ATTRIBUTES = (Public, ); }; };
		9434BFD714A38D0B00B34419 /* ioapi.c in Sources */ = {isa = PBXBuildFile; fileRef = 9434BFCE14A38D0B00B34419 /* ioapi.c */; };
		9434BFD814A38D0B00B34419 /* ioapi.h in Headers */ = {isa = PBXBuildFile; fileRef = 9434BFCF14A38D0B00B34419 /* ioapi.h */; settings = {ATTRIBUTES = (Public, ); }; };
		9434BFD914A38D0B00B34419 /* mztools.c in Sources */ = {isa = PBXBuildFile; fileRef = 9434BFD014A38D0B00B34419 /* mztools.c */; };
		9434BFDA14A38D0B00B34419 /* mztools.h in Headers */ = {isa = PBXBuildFile; fileRef = 9434BFD114A38D0B00B34419 /* mztools.h */; settings = {ATTRIBUTES = (Public, ); }; };
		9434BFDB14A38D0B00B34419 /* unzip.c in Sources */ = {isa = PBXBuildFile; fileRef = 9434BFD214A38D0B00B34419 /* unzip.c */; };
		9434BFDC14A38D0B00B34419 /* unzip.h in Headers */ = {isa = PBXBuildFile; fileRef = 9434BFD314A38D0B00B34419 /* unzip.h */; settings = {ATTRIBUTES = (Public, ); }; };
		9434BFDD14A38D0B00B34419 /* zip.c in Sources */ = {isa = PBXBuildFile; fileRef = 9434BFD414A38D0B00B34419 /* zip.c */; };
		9434BFDE14A38D0B00B34419 /* zip.h in Headers */ = {isa = PBXBuildFile; fileRef = 9434BFD514A38D0B00B34419 /* zip.h */; settings = {ATTRIBUTES = (Public, ); }; };
		9434BFF614A38D5C00B34419 /* adler32.c in Sources */ = {isa = PBXBuildFile; fileRef = 9434BFE014A38D5C00B34419 /* adler32.c */; };
		9434BFF714A38D5C00B34419 /* compress.c in Sources */ = {isa = PBXBuildFile; fileRef = 9434BFE114A38D5C00B34419 /* compress.c */; };
		9434BFF814A38D5C00B34419 /* crc32.c in Sources */ = {isa = PBXBuildFile; fileRef = 9434BFE214A38D5C00B34419 /* crc32.c */; };
		9434BFF914A38D5C00B34419 /* crc32.h in Headers */ = {isa = PBXBuildFile; fileRef = 9434BFE314A38D5C00B34419 /* crc32.h */; settings = {ATTRIBUTES = (Public, ); }; };
		9434BFFA14A38D5C00B34419 /* deflate.c in Sources */ = {isa = PBXBuildFile; fileRef = 9434BFE414A38D5C00B34419 /* deflate.c */; };
		9434BFFB14A38D5C00B34419 /* deflate.h in Headers */ = {isa = PBXBuildFile; fileRef = 9434BFE514A38D5C00B34419 /* deflate.h */; settings = {ATTRIBUTES = (Public, ); }; };
		9434BFFC14A38D5C00B34419 /* gzio.c in Sources */ = {isa = PBXBuildFile; fileRef = 9434BFE614A38D5C00B34419 /* gzio.c */; };
		9434BFFD14A38D5C00B34419 /* infback.c in Sources */ = {isa = PBXBuildFile; fileRef = 9434BFE714A38D5C00B34419 /* infback.c */; };
		9434BFFE14A38D5C00B34419 /* inffast.c in Sources */ = {isa = PBXBuildFile; fileRef = 9434BFE814A38D5C00B34419 /* inffast.c */; };
		9434BFFF14A38D5C00B34419 /* inffast.h in Headers */ = {isa = PBXBuildFile; fileRef = 9434BFE914A38D5C00B34419 /* inffast.h */; settings = {ATTRIBUTES = (Public, ); }; };
		9434C00014A38D5C00B34419 /* inffixed.h in Headers */ = {isa = PBXBuildFile; fileRef = 9434BFEA14A38D5C00B34419 /* inffixed.h */; settings = {ATTRIBUTES = (Public, ); }; };
		9434C00114A38D5C00B34419 /* inflate.c in Sources */ = {isa = PBXBuildFile; fileRef = 9434BFEB14A38D5C00B34419 /* inflate.c */; };
		9434C00214A38D5C00B34419 /* inflate.h in Headers */ = {isa = PBXBuildFile; fileRef = 9434BFEC14A38D5C00B34419 /* inflate.h */; settings = {ATTRIBUTES = (Public, ); }; };
		9434C00314A38D5C00B34419 /* inftrees.c in Sources */ = {isa = PBXBuildFile; fileRef = 9434BFED14A38D5C00B34419 /* inftrees.c */; };
		9434C00414A38D5C00B34419 /* inftrees.h in Headers */ = {isa = PBXBuildFile; fileRef = 9434BFEE14A38D5C00B34419 /* inftrees.h */; settings = {ATTRIBUTES = (Public, ); }; };
		9434C00514A38D5C00B34419 /* trees.c in Sources */ = {isa = PBXBuildFile; fileRef = 9434BFEF14A38D5C00B34419 /* trees.c */; };
		9434C00614A38D5C00B34419 /* trees.h in Headers */ = {isa = PBXBuildFile; fileRef = 9434BFF014A38D5C00B34419 /* trees.h */; settings = {ATTRIBUTES = (Public, ); }; };
		9434C00714A38D5C00B34419 /* uncompr.c in Sources */ = {isa = PBXBuildFile; fileRef = 9434BFF114A38D5C00B34419 /* uncompr.c */; };
		9434C00814A38D5C00B34419 /* zconf.h in Headers */ = {isa = PBXBuildFile; fileRef = 9434BFF214A38D5C00B34419 /* zconf.h */; settings = {ATTRIBUTES = (Public, ); }; };
		9434C00914A38D5C00B34419 /* zlib.h in Headers */ = {isa = PBXBuildFile; fileRef = 9434BFF314A38D5C00B34419 /* zlib.h */; settings = {ATTRIBUTES = (Public, ); }; };
		9434C00A14A38D5C00B34419 /* zutil.c in Sources */ = {isa = PBXBuildFile; fileRef = 9434BFF414A38D5C00B34419 /* zutil.c */; };
		9434C00B14A38D5C00B34419 /* zutil.h in Headers */ = {isa = PBXBuildFile; fileRef = 9434BFF514A38D5C00B34419 /* zutil.h */; settings = {ATTRIBUTES = (Public, ); }; };
/* End PBXBuildFile section */

/* Begin PBXFileReference section */
		9434BF9E14A389BC00B34419 /* libZip.a */ = {isa = PBXFileReference; explicitFileType = archive.ar; includeInIndex = 0; path = libZip.a; sourceTree = BUILT_PRODUCTS_DIR; };
		9434BFA114A389BC00B34419 /* Foundation.framework */ = {isa = PBXFileReference; lastKnownFileType = wrapper.framework; name = Foundation.framework; path = System/Library/Frameworks/Foundation.framework; sourceTree = SDKROOT; };
		9434BFA514A389BC00B34419 /* Zip-Prefix.pch */ = {isa = PBXFileReference; lastKnownFileType = sourcecode.c.h; path = "Zip-Prefix.pch"; sourceTree = "<group>"; };
		9434BFB514A38A9B00B34419 /* FileInZipInfo.h */ = {isa = PBXFileReference; fileEncoding = 4; lastKnownFileType = sourcecode.c.h; path = FileInZipInfo.h; sourceTree = "<group>"; };
		9434BFB614A38A9B00B34419 /* FileInZipInfo.m */ = {isa = PBXFileReference; fileEncoding = 4; lastKnownFileType = sourcecode.c.objc; path = FileInZipInfo.m; sourceTree = "<group>"; };
		9434BFB714A38A9B00B34419 /* ZipException.h */ = {isa = PBXFileReference; fileEncoding = 4; lastKnownFileType = sourcecode.c.h; path = ZipException.h; sourceTree = "<group>"; };
		9434BFB814A38A9B00B34419 /* ZipException.m */ = {isa = PBXFileReference; fileEncoding = 4; lastKnownFileType = sourcecode.c.objc; path = ZipException.m; sourceTree = "<group>"; };
		9434BFB914A38A9B00B34419 /* ZipFile.h */ = {isa = PBXFileReference; fileEncoding = 4; lastKnownFileType = sourcecode.c.h; path = ZipFile.h; sourceTree = "<group>"; };
		9434BFBA14A38A9B00B34419 /* ZipFile.m */ = {isa = PBXFileReference; fileEncoding = 4; lastKnownFileType = sourcecode.c.objc; path = ZipFile.m; sourceTree = "<group>"; };
		9434BFBB14A38A9B00B34419 /* ZipReadStream.h */ = {isa = PBXFileReference; fileEncoding = 4; lastKnownFileType = sourcecode.c.h; path = ZipReadStream.h; sourceTree = "<group>"; };
		9434BFBC14A38A9B00B34419 /* ZipReadStream.m */ = {isa = PBXFileReference; fileEncoding = 4; lastKnownFileType = sourcecode.c.objc; path = ZipReadStream.m; sourceTree = "<group>"; };
		9434BFBD14A38A9B00B34419 /* ZipWriteStream.h */ = {isa = PBXFileReference; fileEncoding = 4; lastKnownFileType = sourcecode.c.h; path = ZipWriteStream.h; sourceTree = "<group>"; };
		9434BFBE14A38A9B00B34419 /* ZipWriteStream.m */ = {isa = PBXFileReference; fileEncoding = 4; lastKnownFileType = sourcecode.c.objc; path = ZipWriteStream.m; sourceTree = "<group>"; };
		9434BFCD14A38D0B00B34419 /* crypt.h */ = {isa = PBXFileReference; fileEncoding = 4; lastKnownFileType = sourcecode.c.h; path = crypt.h; sourceTree = "<group>"; };
		9434BFCE14A38D0B00B34419 /* ioapi.c */ = {isa = PBXFileReference; fileEncoding = 4; lastKnownFileType = sourcecode.c.c; path = ioapi.c; sourceTree = "<group>"; };
		9434BFCF14A38D0B00B34419 /* ioapi.h */ = {isa = PBXFileReference; fileEncoding = 4; lastKnownFileType = sourcecode.c.h; path = ioapi.h; sourceTree = "<group>"; };
		9434BFD014A38D0B00B34419 /* mztools.c */ = {isa = PBXFileReference; fileEncoding = 4; lastKnownFileType = sourcecode.c.c; path = mztools.c; sourceTree = "<group>"; };
		9434BFD114A38D0B00B34419 /* mztools.h */ = {isa = PBXFileReference; fileEncoding = 4; lastKnownFileType = sourcecode.c.h; path = mztools.h; sourceTree = "<group>"; };
		9434BFD214A38D0B00B34419 /* unzip.c */ = {isa = PBXFileReference; fileEncoding = 4; lastKnownFileType = sourcecode.c.c; path = unzip.c; sourceTree = "<group>"; };
		9434BFD314A38D0B00B34419 /* unzip.h */ = {isa = PBXFileReference; fileEncoding = 4; lastKnownFileType = sourcecode.c.h; path = unzip.h; sourceTree = "<group>"; };
		9434BFD414A38D0B00B34419 /* zip.c */ = {isa = PBXFileReference; fileEncoding = 4; lastKnownFileType = sourcecode.c.c; path = zip.c; sourceTree = "<group>"; };
		9434BFD514A38D0B00B34419 /* zip.h */ = {isa = PBXFileReference; fileEncoding = 4; lastKnownFileType = sourcecode.c.h; path = zip.h; sourceTree = "<group>"; };
		9434BFE014A38D5C00B34419 /* adler32.c */ = {isa = PBXFileReference; fileEncoding = 4; lastKnownFileType = sourcecode.c.c; path = adler32.c; sourceTree = "<group>"; };
		9434BFE114A38D5C00B34419 /* compress.c */ = {isa = PBXFileReference; fileEncoding = 4; lastKnownFileType = sourcecode.c.c; path = compress.c; sourceTree = "<group>"; };
		9434BFE214A38D5C00B34419 /* crc32.c */ = {isa = PBXFileReference; fileEncoding = 4; lastKnownFileType = sourcecode.c.c; path = crc32.c; sourceTree = "<group>"; };
		9434BFE314A38D5C00B34419 /* crc32.h */ = {isa = PBXFileReference; fileEncoding = 4; lastKnownFileType = sourcecode.c.h; path = crc32.h; sourceTree = "<group>"; };
		9434BFE414A38D5C00B34419 /* deflate.c */ = {isa = PBXFileReference; fileEncoding = 4; lastKnownFileType = sourcecode.c.c; path = deflate.c; sourceTree = "<group>"; };
		9434BFE514A38D5C00B34419 /* deflate.h */ = {isa = PBXFileReference; fileEncoding = 4; lastKnownFileType = sourcecode.c.h; path = deflate.h; sourceTree = "<group>"; };
		9434BFE614A38D5C00B34419 /* gzio.c */ = {isa = PBXFileReference; fileEncoding = 4; lastKnownFileType = sourcecode.c.c; path = gzio.c; sourceTree = "<group>"; };
		9434BFE714A38D5C00B34419 /* infback.c */ = {isa = PBXFileReference; fileEncoding = 4; lastKnownFileType = sourcecode.c.c; path = infback.c; sourceTree = "<group>"; };
		9434BFE814A38D5C00B34419 /* inffast.c */ = {isa = PBXFileReference; fileEncoding = 4; lastKnownFileType = sourcecode.c.c; path = inffast.c; sourceTree = "<group>"; };
		9434BFE914A38D5C00B34419 /* inffast.h */ = {isa = PBXFileReference; fileEncoding = 4; lastKnownFileType = sourcecode.c.h; path = inffast.h; sourceTree = "<group>"; };
		9434BFEA14A38D5C00B34419 /* inffixed.h */ = {isa = PBXFileReference; fileEncoding = 4; lastKnownFileType = sourcecode.c.h; path = inffixed.h; sourceTree = "<group>"; };
		9434BFEB14A38D5C00B34419 /* inflate.c */ = {isa = PBXFileReference; fileEncoding = 4; lastKnownFileType = sourcecode.c.c; path = inflate.c; sourceTree = "<group>"; };
		9434BFEC14A38D5C00B34419 /* inflate.h */ = {isa = PBXFileReference; fileEncoding = 4; lastKnownFileType = sourcecode.c.h; path = inflate.h; sourceTree = "<group>"; };
		9434BFED14A38D5C00B34419 /* inftrees.c */ = {isa = PBXFileReference; fileEncoding = 4; lastKnownFileType = sourcecode.c.c; path = inftrees.c; sourceTree = "<group>"; };
		9434BFEE14A38D5C00B34419 /* inftrees.h */ = {isa = PBXFileReference; fileEncoding = 4; lastKnownFileType = sourcecode.c.h; path = inftrees.h; sourceTree = "<group>"; };
		9434BFEF14A38D5C00B34419 /* trees.c */ = {isa = PBXFileReference; fileEncoding = 4; lastKnownFileType = sourcecode.c.c; path = trees.c; sourceTree = "<group>"; };
		9434BFF014A38D5C00B34419 /* trees.h */ = {isa = PBXFileReference; fileEncoding = 4; lastKnownFileType = sourcecode.c.h; path = trees.h; sourceTree = "<group>"; };
		9434BFF114A38D5C00B34419 /* uncompr.c */ = {isa = PBXFileReference; fileEncoding = 4; lastKnownFileType = sourcecode.c.c; path = uncompr.c; sourceTree = "<group>"; };
		9434BFF214A38D5C00B34419 /* zconf.h */ = {isa = PBXFileReference; fileEncoding = 4; lastKnownFileType = sourcecode.c.h; path = zconf.h; sourceTree = "<group>"; };
		9434BFF314A38D5C00B34419 /* zlib.h */ = {isa = PBXFileReference; fileEncoding = 4; lastKnownFileType = sourcecode.c.h; path = zlib.h; sourceTree = "<group>"; };
		9434BFF414A38D5C00B34419 /* zutil.c */ = {isa = PBXFileReference; fileEncoding = 4; lastKnownFileType = sourcecode.c.c; path = zutil.c; sourceTree = "<group>"; };
		9434BFF514A38D5C00B34419 /* zutil.h */ = {isa = PBXFileReference; fileEncoding = 4; lastKnownFileType = sourcecode.c.h; path = zutil.h; sourceTree = "<group>"; };
/* End PBXFileReference section */

/* Begin PBXFrameworksBuildPhase section */
		9434BF9B14A389BC00B34419 /* Frameworks */ = {
			isa = PBXFrameworksBuildPhase;
			buildActionMask = 2147483647;
			files = (
				9434BFA214A389BC00B34419 /* Foundation.framework in Frameworks */,
			);
			runOnlyForDeploymentPostprocessing = 0;
		};
/* End PBXFrameworksBuildPhase section */

/* Begin PBXGroup section */
		9434BF9314A389BC00B34419 = {
			isa = PBXGroup;
			children = (
				9434BFDF14A38D3B00B34419 /* ZLib */,
				9434BFCC14A38CED00B34419 /* MiniZip */,
				9434BFB414A38A3900B34419 /* Objective-Zip */,
				9434BFA314A389BC00B34419 /* Zip */,
				9434BFA014A389BC00B34419 /* Frameworks */,
				9434BF9F14A389BC00B34419 /* Products */,
			);
			sourceTree = "<group>";
		};
		9434BF9F14A389BC00B34419 /* Products */ = {
			isa = PBXGroup;
			children = (
				9434BF9E14A389BC00B34419 /* libZip.a */,
			);
			name = Products;
			sourceTree = "<group>";
		};
		9434BFA014A389BC00B34419 /* Frameworks */ = {
			isa = PBXGroup;
			children = (
				9434BFA114A389BC00B34419 /* Foundation.framework */,
			);
			name = Frameworks;
			sourceTree = "<group>";
		};
		9434BFA314A389BC00B34419 /* Zip */ = {
			isa = PBXGroup;
			children = (
				9434BFA414A389BC00B34419 /* Supporting Files */,
			);
			path = Zip;
			sourceTree = "<group>";
		};
		9434BFA414A389BC00B34419 /* Supporting Files */ = {
			isa = PBXGroup;
			children = (
				9434BFA514A389BC00B34419 /* Zip-Prefix.pch */,
			);
			name = "Supporting Files";
			sourceTree = "<group>";
		};
		9434BFB414A38A3900B34419 /* Objective-Zip */ = {
			isa = PBXGroup;
			children = (
				9434BFB514A38A9B00B34419 /* FileInZipInfo.h */,
				9434BFB614A38A9B00B34419 /* FileInZipInfo.m */,
				9434BFB714A38A9B00B34419 /* ZipException.h */,
				9434BFB814A38A9B00B34419 /* ZipException.m */,
				9434BFB914A38A9B00B34419 /* ZipFile.h */,
				9434BFBA14A38A9B00B34419 /* ZipFile.m */,
				9434BFBB14A38A9B00B34419 /* ZipReadStream.h */,
				9434BFBC14A38A9B00B34419 /* ZipReadStream.m */,
				9434BFBD14A38A9B00B34419 /* ZipWriteStream.h */,
				9434BFBE14A38A9B00B34419 /* ZipWriteStream.m */,
			);
			name = "Objective-Zip";
			sourceTree = "<group>";
		};
		9434BFCC14A38CED00B34419 /* MiniZip */ = {
			isa = PBXGroup;
			children = (
				9434BFCD14A38D0B00B34419 /* crypt.h */,
				9434BFCE14A38D0B00B34419 /* ioapi.c */,
				9434BFCF14A38D0B00B34419 /* ioapi.h */,
				9434BFD014A38D0B00B34419 /* mztools.c */,
				9434BFD114A38D0B00B34419 /* mztools.h */,
				9434BFD214A38D0B00B34419 /* unzip.c */,
				9434BFD314A38D0B00B34419 /* unzip.h */,
				9434BFD414A38D0B00B34419 /* zip.c */,
				9434BFD514A38D0B00B34419 /* zip.h */,
			);
			name = MiniZip;
			sourceTree = "<group>";
		};
		9434BFDF14A38D3B00B34419 /* ZLib */ = {
			isa = PBXGroup;
			children = (
				9434BFE014A38D5C00B34419 /* adler32.c */,
				9434BFE114A38D5C00B34419 /* compress.c */,
				9434BFE214A38D5C00B34419 /* crc32.c */,
				9434BFE314A38D5C00B34419 /* crc32.h */,
				9434BFE414A38D5C00B34419 /* deflate.c */,
				9434BFE514A38D5C00B34419 /* deflate.h */,
				9434BFE614A38D5C00B34419 /* gzio.c */,
				9434BFE714A38D5C00B34419 /* infback.c */,
				9434BFE814A38D5C00B34419 /* inffast.c */,
				9434BFE914A38D5C00B34419 /* inffast.h */,
				9434BFEA14A38D5C00B34419 /* inffixed.h */,
				9434BFEB14A38D5C00B34419 /* inflate.c */,
				9434BFEC14A38D5C00B34419 /* inflate.h */,
				9434BFED14A38D5C00B34419 /* inftrees.c */,
				9434BFEE14A38D5C00B34419 /* inftrees.h */,
				9434BFEF14A38D5C00B34419 /* trees.c */,
				9434BFF014A38D5C00B34419 /* trees.h */,
				9434BFF114A38D5C00B34419 /* uncompr.c */,
				9434BFF214A38D5C00B34419 /* zconf.h */,
				9434BFF314A38D5C00B34419 /* zlib.h */,
				9434BFF414A38D5C00B34419 /* zutil.c */,
				9434BFF514A38D5C00B34419 /* zutil.h */,
			);
			name = ZLib;
			sourceTree = "<group>";
		};
/* End PBXGroup section */

/* Begin PBXHeadersBuildPhase section */
		9434BF9C14A389BC00B34419 /* Headers */ = {
			isa = PBXHeadersBuildPhase;
			buildActionMask = 2147483647;
			files = (
				9434BFC314A38A9B00B34419 /* ZipFile.h in Headers */,
				9434BFC114A38A9B00B34419 /* ZipException.h in Headers */,
				9434BFBF14A38A9B00B34419 /* FileInZipInfo.h in Headers */,
				9434BFC514A38A9B00B34419 /* ZipReadStream.h in Headers */,
				9434BFC714A38A9B00B34419 /* ZipWriteStream.h in Headers */,
				9434BFD614A38D0B00B34419 /* crypt.h in Headers */,
				9434BFD814A38D0B00B34419 /* ioapi.h in Headers */,
				9434BFDA14A38D0B00B34419 /* mztools.h in Headers */,
				9434BFDC14A38D0B00B34419 /* unzip.h in Headers */,
				9434BFDE14A38D0B00B34419 /* zip.h in Headers */,
				9434BFF914A38D5C00B34419 /* crc32.h in Headers */,
				9434BFFB14A38D5C00B34419 /* deflate.h in Headers */,
				9434BFFF14A38D5C00B34419 /* inffast.h in Headers */,
				9434C00014A38D5C00B34419 /* inffixed.h in Headers */,
				9434C00214A38D5C00B34419 /* inflate.h in Headers */,
				9434C00414A38D5C00B34419 /* inftrees.h in Headers */,
				9434C00614A38D5C00B34419 /* trees.h in Headers */,
				9434C00814A38D5C00B34419 /* zconf.h in Headers */,
				9434C00914A38D5C00B34419 /* zlib.h in Headers */,
				9434C00B14A38D5C00B34419 /* zutil.h in Headers */,
			);
			runOnlyForDeploymentPostprocessing = 0;
		};
/* End PBXHeadersBuildPhase section */

/* Begin PBXNativeTarget section */
		9434BF9D14A389BC00B34419 /* Zip */ = {
			isa = PBXNativeTarget;
			buildConfigurationList = 9434BFAB14A389BC00B34419 /* Build configuration list for PBXNativeTarget "Zip" */;
			buildPhases = (
				9434BF9A14A389BC00B34419 /* Sources */,
				9434BF9B14A389BC00B34419 /* Frameworks */,
				9434BF9C14A389BC00B34419 /* Headers */,
			);
			buildRules = (
			);
			dependencies = (
			);
			name = Zip;
			productName = Zip;
			productReference = 9434BF9E14A389BC00B34419 /* libZip.a */;
			productType = "com.apple.product-type.library.static";
		};
/* End PBXNativeTarget section */

/* Begin PBXProject section */
		9434BF9514A389BC00B34419 /* Project object */ = {
			isa = PBXProject;
			attributes = {
				LastUpgradeCheck = 0420;
			};
			buildConfigurationList = 9434BF9814A389BC00B34419 /* Build configuration list for PBXProject "Zip" */;
			compatibilityVersion = "Xcode 3.2";
			developmentRegion = English;
			hasScannedForEncodings = 0;
			knownRegions = (
				en,
			);
			mainGroup = 9434BF9314A389BC00B34419;
			productRefGroup = 9434BF9F14A389BC00B34419 /* Products */;
			projectDirPath = "";
			projectRoot = "";
			targets = (
				9434BF9D14A389BC00B34419 /* Zip */,
			);
		};
/* End PBXProject section */

/* Begin PBXSourcesBuildPhase section */
		9434BF9A14A389BC00B34419 /* Sources */ = {
			isa = PBXSourcesBuildPhase;
			buildActionMask = 2147483647;
			files = (
				9434BFC014A38A9B00B34419 /* FileInZipInfo.m in Sources */,
				9434BFC214A38A9B00B34419 /* ZipException.m in Sources */,
				9434BFC414A38A9B00B34419 /* ZipFile.m in Sources */,
				9434BFC614A38A9B00B34419 /* ZipReadStream.m in Sources */,
				9434BFC814A38A9B00B34419 /* ZipWriteStream.m in Sources */,
				9434BFD714A38D0B00B34419 /* ioapi.c in Sources */,
				9434BFD914A38D0B00B34419 /* mztools.c in Sources */,
				9434BFDB14A38D0B00B34419 /* unzip.c in Sources */,
				9434BFDD14A38D0B00B34419 /* zip.c in Sources */,
				9434BFF614A38D5C00B34419 /* adler32.c in Sources */,
				9434BFF714A38D5C00B34419 /* compress.c in Sources */,
				9434BFF814A38D5C00B34419 /* crc32.c in Sources */,
				9434BFFA14A38D5C00B34419 /* deflate.c in Sources */,
				9434BFFC14A38D5C00B34419 /* gzio.c in Sources */,
				9434BFFD14A38D5C00B34419 /* infback.c in Sources */,
				9434BFFE14A38D5C00B34419 /* inffast.c in Sources */,
				9434C00114A38D5C00B34419 /* inflate.c in Sources */,
				9434C00314A38D5C00B34419 /* inftrees.c in Sources */,
				9434C00514A38D5C00B34419 /* trees.c in Sources */,
				9434C00714A38D5C00B34419 /* uncompr.c in Sources */,
				9434C00A14A38D5C00B34419 /* zutil.c in Sources */,
			);
			runOnlyForDeploymentPostprocessing = 0;
		};
/* End PBXSourcesBuildPhase section */

/* Begin XCBuildConfiguration section */
		9434BFA914A389BC00B34419 /* Debug */ = {
			isa = XCBuildConfiguration;
			buildSettings = {
				ALWAYS_SEARCH_USER_PATHS = NO;
				ARCHS = "$(ARCHS_STANDARD_32_BIT)";
				COPY_PHASE_STRIP = NO;
				GCC_C_LANGUAGE_STANDARD = gnu99;
				GCC_DYNAMIC_NO_PIC = NO;
				GCC_OPTIMIZATION_LEVEL = 0;
				GCC_PREPROCESSOR_DEFINITIONS = (
					"DEBUG=1",
					"$(inherited)",
				);
				GCC_SYMBOLS_PRIVATE_EXTERN = NO;
				GCC_VERSION = com.apple.compilers.llvm.clang.1_0;
				GCC_WARN_ABOUT_MISSING_PROTOTYPES = YES;
				GCC_WARN_ABOUT_RETURN_TYPE = YES;
				GCC_WARN_UNUSED_VARIABLE = YES;
				IPHONEOS_DEPLOYMENT_TARGET = 5.0;
				SDKROOT = iphoneos;
			};
			name = Debug;
		};
		9434BFAA14A389BC00B34419 /* Release */ = {
			isa = XCBuildConfiguration;
			buildSettings = {
				ALWAYS_SEARCH_USER_PATHS = NO;
				ARCHS = "$(ARCHS_STANDARD_32_BIT)";
				COPY_PHASE_STRIP = YES;
				GCC_C_LANGUAGE_STANDARD = gnu99;
				GCC_VERSION = com.apple.compilers.llvm.clang.1_0;
				GCC_WARN_ABOUT_MISSING_PROTOTYPES = YES;
				GCC_WARN_ABOUT_RETURN_TYPE = YES;
				GCC_WARN_UNUSED_VARIABLE = YES;
				IPHONEOS_DEPLOYMENT_TARGET = 5.0;
				SDKROOT = iphoneos;
				VALIDATE_PRODUCT = YES;
			};
			name = Release;
		};
		9434BFAC14A389BC00B34419 /* Debug */ = {
			isa = XCBuildConfiguration;
			buildSettings = {
				DSTROOT = /tmp/Zip.dst;
				GCC_PRECOMPILE_PREFIX_HEADER = YES;
				GCC_PREFIX_HEADER = "Zip/Zip-Prefix.pch";
				OTHER_LDFLAGS = "-ObjC";
				PRODUCT_NAME = "$(TARGET_NAME)";
				SKIP_INSTALL = YES;
			};
			name = Debug;
		};
		9434BFAD14A389BC00B34419 /* Release */ = {
			isa = XCBuildConfiguration;
			buildSettings = {
				DSTROOT = /tmp/Zip.dst;
				GCC_PRECOMPILE_PREFIX_HEADER = YES;
				GCC_PREFIX_HEADER = "Zip/Zip-Prefix.pch";
				OTHER_LDFLAGS = "-ObjC";
				PRODUCT_NAME = "$(TARGET_NAME)";
				SKIP_INSTALL = YES;
			};
			name = Release;
		};
/* End XCBuildConfiguration section */

/* Begin XCConfigurationList section */
		9434BF9814A389BC00B34419 /* Build configuration list for PBXProject "Zip" */ = {
			isa = XCConfigurationList;
			buildConfigurations = (
				9434BFA914A389BC00B34419 /* Debug */,
				9434BFAA14A389BC00B34419 /* Release */,
			);
			defaultConfigurationIsVisible = 0;
			defaultConfigurationName = Release;
		};
		9434BFAB14A389BC00B34419 /* Build configuration list for PBXNativeTarget "Zip" */ = {
			isa = XCConfigurationList;
			buildConfigurations = (
				9434BFAC14A389BC00B34419 /* Debug */,
				9434BFAD14A389BC00B34419 /* Release */,
			);
			defaultConfigurationIsVisible = 0;
			defaultConfigurationName = Release;
		};
/* End XCConfigurationList section */
	};
	rootObject = 9434BF9514A389BC00B34419 /* Project object */;
}
