// !$*UTF8*$!
{
	archiveVersion = 1;
	classes = {
	};
	objectVersion = 46;
	objects = {

/* Begin PBXBuildFile section */
		94BF7913150E398400FCF653 /* Foundation.framework in Frameworks */ = {isa = PBXBuildFile; fileRef = 94BF7912150E398400FCF653 /* Foundation.framework */; };
		94BF794E150E3A3400FCF653 /* NSData+Git.m in Sources */ = {isa = PBXBuildFile; fileRef = 94BF7927150E3A3300FCF653 /* NSData+Git.m */; };
		94BF7950150E3A3400FCF653 /* NSError+Git.m in Sources */ = {isa = PBXBuildFile; fileRef = 94BF7929150E3A3300FCF653 /* NSError+Git.m */; };
		94BF7952150E3A3400FCF653 /* NSString+Git.m in Sources */ = {isa = PBXBuildFile; fileRef = 94BF792B150E3A3300FCF653 /* NSString+Git.m */; };
		94BF7954150E3A3400FCF653 /* GTBlob.m in Sources */ = {isa = PBXBuildFile; fileRef = 94BF792D150E3A3300FCF653 /* GTBlob.m */; };
		94BF7956150E3A3400FCF653 /* GTBranch.m in Sources */ = {isa = PBXBuildFile; fileRef = 94BF792F150E3A3300FCF653 /* GTBranch.m */; };
		94BF7958150E3A3400FCF653 /* GTCommit.m in Sources */ = {isa = PBXBuildFile; fileRef = 94BF7931150E3A3300FCF653 /* GTCommit.m */; };
		94BF795A150E3A3400FCF653 /* GTConfiguration.m in Sources */ = {isa = PBXBuildFile; fileRef = 94BF7933150E3A3300FCF653 /* GTConfiguration.m */; };
		94BF795C150E3A3400FCF653 /* GTEnumerator.m in Sources */ = {isa = PBXBuildFile; fileRef = 94BF7935150E3A3300FCF653 /* GTEnumerator.m */; };
		94BF795E150E3A3400FCF653 /* GTIndex.m in Sources */ = {isa = PBXBuildFile; fileRef = 94BF7937150E3A3300FCF653 /* GTIndex.m */; };
		94BF7960150E3A3400FCF653 /* GTIndexEntry.m in Sources */ = {isa = PBXBuildFile; fileRef = 94BF7939150E3A3300FCF653 /* GTIndexEntry.m */; };
		94BF7962150E3A3400FCF653 /* GTObject.m in Sources */ = {isa = PBXBuildFile; fileRef = 94BF793B150E3A3300FCF653 /* GTObject.m */; };
		94BF7964150E3A3400FCF653 /* GTObjectDatabase.m in Sources */ = {isa = PBXBuildFile; fileRef = 94BF793D150E3A3300FCF653 /* GTObjectDatabase.m */; };
		94BF7966150E3A3400FCF653 /* GTOdbObject.m in Sources */ = {isa = PBXBuildFile; fileRef = 94BF793F150E3A3300FCF653 /* GTOdbObject.m */; };
		94BF7968150E3A3400FCF653 /* GTReference.m in Sources */ = {isa = PBXBuildFile; fileRef = 94BF7941150E3A3300FCF653 /* GTReference.m */; };
		94BF796A150E3A3400FCF653 /* GTRepository.m in Sources */ = {isa = PBXBuildFile; fileRef = 94BF7943150E3A3300FCF653 /* GTRepository.m */; };
		94BF796B150E3A3400FCF653 /* GTRepository+Private.h in Headers */ = {isa = PBXBuildFile; fileRef = 94BF7944150E3A3300FCF653 /* GTRepository+Private.h */; };
		94BF796D150E3A3400FCF653 /* GTSignature.m in Sources */ = {isa = PBXBuildFile; fileRef = 94BF7946150E3A3300FCF653 /* GTSignature.m */; };
		94BF796F150E3A3400FCF653 /* GTTag.m in Sources */ = {isa = PBXBuildFile; fileRef = 94BF7948150E3A3400FCF653 /* GTTag.m */; };
		94BF7971150E3A3400FCF653 /* GTTree.m in Sources */ = {isa = PBXBuildFile; fileRef = 94BF794A150E3A3400FCF653 /* GTTree.m */; };
		94BF7973150E3A3400FCF653 /* GTTreeEntry.m in Sources */ = {isa = PBXBuildFile; fileRef = 94BF794C150E3A3400FCF653 /* GTTreeEntry.m */; };
		94BF7CE6150E491B00FCF653 /* NSData+Git.h in Headers */ = {isa = PBXBuildFile; fileRef = 94BF7926150E3A3300FCF653 /* NSData+Git.h */; settings = {ATTRIBUTES = (); }; };
		94BF7CE7150E491B00FCF653 /* NSError+Git.h in Headers */ = {isa = PBXBuildFile; fileRef = 94BF7928150E3A3300FCF653 /* NSError+Git.h */; settings = {ATTRIBUTES = (); }; };
		94BF7CE8150E491B00FCF653 /* NSString+Git.h in Headers */ = {isa = PBXBuildFile; fileRef = 94BF792A150E3A3300FCF653 /* NSString+Git.h */; settings = {ATTRIBUTES = (); }; };
		94BF7CE9150E491B00FCF653 /* GTBlob.h in Headers */ = {isa = PBXBuildFile; fileRef = 94BF792C150E3A3300FCF653 /* GTBlob.h */; settings = {ATTRIBUTES = (); }; };
		94BF7CEA150E491B00FCF653 /* GTBranch.h in Headers */ = {isa = PBXBuildFile; fileRef = 94BF792E150E3A3300FCF653 /* GTBranch.h */; settings = {ATTRIBUTES = (); }; };
		94BF7CEB150E491B00FCF653 /* GTCommit.h in Headers */ = {isa = PBXBuildFile; fileRef = 94BF7930150E3A3300FCF653 /* GTCommit.h */; settings = {ATTRIBUTES = (); }; };
		94BF7CEC150E491B00FCF653 /* GTConfiguration.h in Headers */ = {isa = PBXBuildFile; fileRef = 94BF7932150E3A3300FCF653 /* GTConfiguration.h */; settings = {ATTRIBUTES = (); }; };
		94BF7CED150E491B00FCF653 /* GTEnumerator.h in Headers */ = {isa = PBXBuildFile; fileRef = 94BF7934150E3A3300FCF653 /* GTEnumerator.h */; settings = {ATTRIBUTES = (); }; };
		94BF7CEE150E491B00FCF653 /* GTIndex.h in Headers */ = {isa = PBXBuildFile; fileRef = 94BF7936150E3A3300FCF653 /* GTIndex.h */; settings = {ATTRIBUTES = (); }; };
		94BF7CEF150E491B00FCF653 /* GTIndexEntry.h in Headers */ = {isa = PBXBuildFile; fileRef = 94BF7938150E3A3300FCF653 /* GTIndexEntry.h */; settings = {ATTRIBUTES = (); }; };
		94BF7CF0150E491B00FCF653 /* GTObject.h in Headers */ = {isa = PBXBuildFile; fileRef = 94BF793A150E3A3300FCF653 /* GTObject.h */; settings = {ATTRIBUTES = (); }; };
		94BF7CF1150E491B00FCF653 /* GTObjectDatabase.h in Headers */ = {isa = PBXBuildFile; fileRef = 94BF793C150E3A3300FCF653 /* GTObjectDatabase.h */; settings = {ATTRIBUTES = (); }; };
		94BF7CF2150E491B00FCF653 /* GTOdbObject.h in Headers */ = {isa = PBXBuildFile; fileRef = 94BF793E150E3A3300FCF653 /* GTOdbObject.h */; settings = {ATTRIBUTES = (); }; };
		94BF7CF3150E491B00FCF653 /* GTReference.h in Headers */ = {isa = PBXBuildFile; fileRef = 94BF7940150E3A3300FCF653 /* GTReference.h */; settings = {ATTRIBUTES = (); }; };
		94BF7CF4150E491B00FCF653 /* GTRepository.h in Headers */ = {isa = PBXBuildFile; fileRef = 94BF7942150E3A3300FCF653 /* GTRepository.h */; settings = {ATTRIBUTES = (); }; };
		94BF7CF5150E491B00FCF653 /* GTSignature.h in Headers */ = {isa = PBXBuildFile; fileRef = 94BF7945150E3A3300FCF653 /* GTSignature.h */; settings = {ATTRIBUTES = (); }; };
		94BF7CF6150E491B00FCF653 /* GTTag.h in Headers */ = {isa = PBXBuildFile; fileRef = 94BF7947150E3A3300FCF653 /* GTTag.h */; settings = {ATTRIBUTES = (); }; };
		94BF7CF7150E491B00FCF653 /* GTTree.h in Headers */ = {isa = PBXBuildFile; fileRef = 94BF7949150E3A3400FCF653 /* GTTree.h */; settings = {ATTRIBUTES = (); }; };
		94BF7CF8150E491B00FCF653 /* GTTreeEntry.h in Headers */ = {isa = PBXBuildFile; fileRef = 94BF794B150E3A3400FCF653 /* GTTreeEntry.h */; settings = {ATTRIBUTES = (); }; };
		94BF7CF9150E491B00FCF653 /* ObjectiveGit.h in Headers */ = {isa = PBXBuildFile; fileRef = 94BF7917150E398400FCF653 /* ObjectiveGit.h */; settings = {ATTRIBUTES = (); }; };
		94BF7CFE150E4C7A00FCF653 /* dct_weak.h in Headers */ = {isa = PBXBuildFile; fileRef = 94BF7CFD150E4C7A00FCF653 /* dct_weak.h */; settings = {ATTRIBUTES = (); }; };
		94BF7F9B150F912200FCF653 /* git2.h in Headers */ = {isa = PBXBuildFile; fileRef = 94BF7F9A150F912200FCF653 /* git2.h */; };
		94BF8043150F970400FCF653 /* libgit2-iOS.a in Frameworks */ = {isa = PBXBuildFile; fileRef = 94BF8042150F970400FCF653 /* libgit2-iOS.a */; };
/* End PBXBuildFile section */

/* Begin PBXFileReference section */
		941656F41514A44C00838005 /* CoreFoundation.framework */ = {isa = PBXFileReference; lastKnownFileType = wrapper.framework; name = CoreFoundation.framework; path = System/Library/Frameworks/CoreFoundation.framework; sourceTree = SDKROOT; };
		94BF790F150E398400FCF653 /* libObjectiveGit.a */ = {isa = PBXFileReference; explicitFileType = archive.ar; includeInIndex = 0; path = libObjectiveGit.a; sourceTree = BUILT_PRODUCTS_DIR; };
		94BF7912150E398400FCF653 /* Foundation.framework */ = {isa = PBXFileReference; lastKnownFileType = wrapper.framework; name = Foundation.framework; path = System/Library/Frameworks/Foundation.framework; sourceTree = SDKROOT; };
		94BF7916150E398400FCF653 /* ObjectiveGit-Prefix.pch */ = {isa = PBXFileReference; lastKnownFileType = sourcecode.c.h; path = "ObjectiveGit-Prefix.pch"; sourceTree = "<group>"; };
		94BF7917150E398400FCF653 /* ObjectiveGit.h */ = {isa = PBXFileReference; lastKnownFileType = sourcecode.c.h; path = ObjectiveGit.h; sourceTree = "<group>"; };
		94BF7926150E3A3300FCF653 /* NSData+Git.h */ = {isa = PBXFileReference; fileEncoding = 4; lastKnownFileType = sourcecode.c.h; path = "NSData+Git.h"; sourceTree = "<group>"; };
		94BF7927150E3A3300FCF653 /* NSData+Git.m */ = {isa = PBXFileReference; fileEncoding = 4; lastKnownFileType = sourcecode.c.objc; path = "NSData+Git.m"; sourceTree = "<group>"; };
		94BF7928150E3A3300FCF653 /* NSError+Git.h */ = {isa = PBXFileReference; fileEncoding = 4; lastKnownFileType = sourcecode.c.h; path = "NSError+Git.h"; sourceTree = "<group>"; };
		94BF7929150E3A3300FCF653 /* NSError+Git.m */ = {isa = PBXFileReference; fileEncoding = 4; lastKnownFileType = sourcecode.c.objc; path = "NSError+Git.m"; sourceTree = "<group>"; };
		94BF792A150E3A3300FCF653 /* NSString+Git.h */ = {isa = PBXFileReference; fileEncoding = 4; lastKnownFileType = sourcecode.c.h; path = "NSString+Git.h"; sourceTree = "<group>"; };
		94BF792B150E3A3300FCF653 /* NSString+Git.m */ = {isa = PBXFileReference; fileEncoding = 4; lastKnownFileType = sourcecode.c.objc; path = "NSString+Git.m"; sourceTree = "<group>"; };
		94BF792C150E3A3300FCF653 /* GTBlob.h */ = {isa = PBXFileReference; fileEncoding = 4; lastKnownFileType = sourcecode.c.h; path = GTBlob.h; sourceTree = "<group>"; };
		94BF792D150E3A3300FCF653 /* GTBlob.m */ = {isa = PBXFileReference; fileEncoding = 4; lastKnownFileType = sourcecode.c.objc; path = GTBlob.m; sourceTree = "<group>"; };
		94BF792E150E3A3300FCF653 /* GTBranch.h */ = {isa = PBXFileReference; fileEncoding = 4; lastKnownFileType = sourcecode.c.h; path = GTBranch.h; sourceTree = "<group>"; };
		94BF792F150E3A3300FCF653 /* GTBranch.m */ = {isa = PBXFileReference; fileEncoding = 4; lastKnownFileType = sourcecode.c.objc; path = GTBranch.m; sourceTree = "<group>"; };
		94BF7930150E3A3300FCF653 /* GTCommit.h */ = {isa = PBXFileReference; fileEncoding = 4; lastKnownFileType = sourcecode.c.h; path = GTCommit.h; sourceTree = "<group>"; };
		94BF7931150E3A3300FCF653 /* GTCommit.m */ = {isa = PBXFileReference; fileEncoding = 4; lastKnownFileType = sourcecode.c.objc; path = GTCommit.m; sourceTree = "<group>"; };
		94BF7932150E3A3300FCF653 /* GTConfiguration.h */ = {isa = PBXFileReference; fileEncoding = 4; lastKnownFileType = sourcecode.c.h; path = GTConfiguration.h; sourceTree = "<group>"; };
		94BF7933150E3A3300FCF653 /* GTConfiguration.m */ = {isa = PBXFileReference; fileEncoding = 4; lastKnownFileType = sourcecode.c.objc; path = GTConfiguration.m; sourceTree = "<group>"; };
		94BF7934150E3A3300FCF653 /* GTEnumerator.h */ = {isa = PBXFileReference; fileEncoding = 4; lastKnownFileType = sourcecode.c.h; path = GTEnumerator.h; sourceTree = "<group>"; };
		94BF7935150E3A3300FCF653 /* GTEnumerator.m */ = {isa = PBXFileReference; fileEncoding = 4; lastKnownFileType = sourcecode.c.objc; path = GTEnumerator.m; sourceTree = "<group>"; };
		94BF7936150E3A3300FCF653 /* GTIndex.h */ = {isa = PBXFileReference; fileEncoding = 4; lastKnownFileType = sourcecode.c.h; path = GTIndex.h; sourceTree = "<group>"; };
		94BF7937150E3A3300FCF653 /* GTIndex.m */ = {isa = PBXFileReference; fileEncoding = 4; lastKnownFileType = sourcecode.c.objc; path = GTIndex.m; sourceTree = "<group>"; };
		94BF7938150E3A3300FCF653 /* GTIndexEntry.h */ = {isa = PBXFileReference; fileEncoding = 4; lastKnownFileType = sourcecode.c.h; path = GTIndexEntry.h; sourceTree = "<group>"; };
		94BF7939150E3A3300FCF653 /* GTIndexEntry.m */ = {isa = PBXFileReference; fileEncoding = 4; lastKnownFileType = sourcecode.c.objc; path = GTIndexEntry.m; sourceTree = "<group>"; };
		94BF793A150E3A3300FCF653 /* GTObject.h */ = {isa = PBXFileReference; fileEncoding = 4; lastKnownFileType = sourcecode.c.h; path = GTObject.h; sourceTree = "<group>"; };
		94BF793B150E3A3300FCF653 /* GTObject.m */ = {isa = PBXFileReference; fileEncoding = 4; lastKnownFileType = sourcecode.c.objc; path = GTObject.m; sourceTree = "<group>"; };
		94BF793C150E3A3300FCF653 /* GTObjectDatabase.h */ = {isa = PBXFileReference; fileEncoding = 4; lastKnownFileType = sourcecode.c.h; path = GTObjectDatabase.h; sourceTree = "<group>"; };
		94BF793D150E3A3300FCF653 /* GTObjectDatabase.m */ = {isa = PBXFileReference; fileEncoding = 4; lastKnownFileType = sourcecode.c.objc; path = GTObjectDatabase.m; sourceTree = "<group>"; };
		94BF793E150E3A3300FCF653 /* GTOdbObject.h */ = {isa = PBXFileReference; fileEncoding = 4; lastKnownFileType = sourcecode.c.h; path = GTOdbObject.h; sourceTree = "<group>"; };
		94BF793F150E3A3300FCF653 /* GTOdbObject.m */ = {isa = PBXFileReference; fileEncoding = 4; lastKnownFileType = sourcecode.c.objc; path = GTOdbObject.m; sourceTree = "<group>"; };
		94BF7940150E3A3300FCF653 /* GTReference.h */ = {isa = PBXFileReference; fileEncoding = 4; lastKnownFileType = sourcecode.c.h; path = GTReference.h; sourceTree = "<group>"; };
		94BF7941150E3A3300FCF653 /* GTReference.m */ = {isa = PBXFileReference; fileEncoding = 4; lastKnownFileType = sourcecode.c.objc; path = GTReference.m; sourceTree = "<group>"; };
		94BF7942150E3A3300FCF653 /* GTRepository.h */ = {isa = PBXFileReference; fileEncoding = 4; lastKnownFileType = sourcecode.c.h; path = GTRepository.h; sourceTree = "<group>"; };
		94BF7943150E3A3300FCF653 /* GTRepository.m */ = {isa = PBXFileReference; fileEncoding = 4; lastKnownFileType = sourcecode.c.objc; path = GTRepository.m; sourceTree = "<group>"; };
		94BF7944150E3A3300FCF653 /* GTRepository+Private.h */ = {isa = PBXFileReference; fileEncoding = 4; lastKnownFileType = sourcecode.c.h; path = "GTRepository+Private.h"; sourceTree = "<group>"; };
		94BF7945150E3A3300FCF653 /* GTSignature.h */ = {isa = PBXFileReference; fileEncoding = 4; lastKnownFileType = sourcecode.c.h; path = GTSignature.h; sourceTree = "<group>"; };
		94BF7946150E3A3300FCF653 /* GTSignature.m */ = {isa = PBXFileReference; fileEncoding = 4; lastKnownFileType = sourcecode.c.objc; path = GTSignature.m; sourceTree = "<group>"; };
		94BF7947150E3A3300FCF653 /* GTTag.h */ = {isa = PBXFileReference; fileEncoding = 4; lastKnownFileType = sourcecode.c.h; path = GTTag.h; sourceTree = "<group>"; };
		94BF7948150E3A3400FCF653 /* GTTag.m */ = {isa = PBXFileReference; fileEncoding = 4; lastKnownFileType = sourcecode.c.objc; path = GTTag.m; sourceTree = "<group>"; };
		94BF7949150E3A3400FCF653 /* GTTree.h */ = {isa = PBXFileReference; fileEncoding = 4; lastKnownFileType = sourcecode.c.h; path = GTTree.h; sourceTree = "<group>"; };
		94BF794A150E3A3400FCF653 /* GTTree.m */ = {isa = PBXFileReference; fileEncoding = 4; lastKnownFileType = sourcecode.c.objc; path = GTTree.m; sourceTree = "<group>"; };
		94BF794B150E3A3400FCF653 /* GTTreeEntry.h */ = {isa = PBXFileReference; fileEncoding = 4; lastKnownFileType = sourcecode.c.h; path = GTTreeEntry.h; sourceTree = "<group>"; };
		94BF794C150E3A3400FCF653 /* GTTreeEntry.m */ = {isa = PBXFileReference; fileEncoding = 4; lastKnownFileType = sourcecode.c.objc; path = GTTreeEntry.m; sourceTree = "<group>"; };
		94BF7CFD150E4C7A00FCF653 /* dct_weak.h */ = {isa = PBXFileReference; fileEncoding = 4; lastKnownFileType = sourcecode.c.h; name = dct_weak.h; path = ../dct_weak.h; sourceTree = "<group>"; };
		94BF7DA7150E76E800FCF653 /* CoreGraphics.framework */ = {isa = PBXFileReference; lastKnownFileType = wrapper.framework; name = CoreGraphics.framework; path = System/Library/Frameworks/CoreGraphics.framework; sourceTree = SDKROOT; };
		94BF7DA9150E76F700FCF653 /* UIKit.framework */ = {isa = PBXFileReference; lastKnownFileType = wrapper.framework; name = UIKit.framework; path = System/Library/Frameworks/UIKit.framework; sourceTree = SDKROOT; };
		94BF7F9A150F912200FCF653 /* git2.h */ = {isa = PBXFileReference; fileEncoding = 4; lastKnownFileType = sourcecode.c.h; name = git2.h; path = ../libgit2/include/git2.h; sourceTree = "<group>"; };
		94BF8042150F970400FCF653 /* libgit2-iOS.a */ = {isa = PBXFileReference; lastKnownFileType = archive.ar; name = "libgit2-iOS.a"; path = "../libgit2/libgit2-iOS.a"; sourceTree = "<group>"; };
		94BF8048150F9D8E00FCF653 /* git2 */ = {isa = PBXFileReference; lastKnownFileType = folder; path = git2; sourceTree = "<group>"; };
/* End PBXFileReference section */

/* Begin PBXFrameworksBuildPhase section */
		94BF790C150E398400FCF653 /* Frameworks */ = {
			isa = PBXFrameworksBuildPhase;
			buildActionMask = 2147483647;
			files = (
				94BF7913150E398400FCF653 /* Foundation.framework in Frameworks */,
				94BF8043150F970400FCF653 /* libgit2-iOS.a in Frameworks */,
			);
			runOnlyForDeploymentPostprocessing = 0;
		};
/* End PBXFrameworksBuildPhase section */

/* Begin PBXGroup section */
		94BF7904150E398400FCF653 = {
			isa = PBXGroup;
			children = (
				941656F41514A44C00838005 /* CoreFoundation.framework */,
				94BF8042150F970400FCF653 /* libgit2-iOS.a */,
				94BF7DA9150E76F700FCF653 /* UIKit.framework */,
				94BF7DA7150E76E800FCF653 /* CoreGraphics.framework */,
				94BF7D02150E525000FCF653 /* libgit2 */,
				94BF7CFD150E4C7A00FCF653 /* dct_weak.h */,
				94BF7914150E398400FCF653 /* ObjectiveGit */,
				94BF7911150E398400FCF653 /* Frameworks */,
				94BF7910150E398400FCF653 /* Products */,
			);
			sourceTree = "<group>";
		};
		94BF7910150E398400FCF653 /* Products */ = {
			isa = PBXGroup;
			children = (
				94BF790F150E398400FCF653 /* libObjectiveGit.a */,
			);
			name = Products;
			sourceTree = "<group>";
		};
		94BF7911150E398400FCF653 /* Frameworks */ = {
			isa = PBXGroup;
			children = (
				94BF7912150E398400FCF653 /* Foundation.framework */,
			);
			name = Frameworks;
			sourceTree = "<group>";
		};
		94BF7914150E398400FCF653 /* ObjectiveGit */ = {
			isa = PBXGroup;
			children = (
				94BF7925150E3A3300FCF653 /* Categories */,
				94BF792C150E3A3300FCF653 /* GTBlob.h */,
				94BF792D150E3A3300FCF653 /* GTBlob.m */,
				94BF792E150E3A3300FCF653 /* GTBranch.h */,
				94BF792F150E3A3300FCF653 /* GTBranch.m */,
				94BF7930150E3A3300FCF653 /* GTCommit.h */,
				94BF7931150E3A3300FCF653 /* GTCommit.m */,
				94BF7932150E3A3300FCF653 /* GTConfiguration.h */,
				94BF7933150E3A3300FCF653 /* GTConfiguration.m */,
				94BF7934150E3A3300FCF653 /* GTEnumerator.h */,
				94BF7935150E3A3300FCF653 /* GTEnumerator.m */,
				94BF7936150E3A3300FCF653 /* GTIndex.h */,
				94BF7937150E3A3300FCF653 /* GTIndex.m */,
				94BF7938150E3A3300FCF653 /* GTIndexEntry.h */,
				94BF7939150E3A3300FCF653 /* GTIndexEntry.m */,
				94BF793A150E3A3300FCF653 /* GTObject.h */,
				94BF793B150E3A3300FCF653 /* GTObject.m */,
				94BF793C150E3A3300FCF653 /* GTObjectDatabase.h */,
				94BF793D150E3A3300FCF653 /* GTObjectDatabase.m */,
				94BF793E150E3A3300FCF653 /* GTOdbObject.h */,
				94BF793F150E3A3300FCF653 /* GTOdbObject.m */,
				94BF7940150E3A3300FCF653 /* GTReference.h */,
				94BF7941150E3A3300FCF653 /* GTReference.m */,
				94BF7942150E3A3300FCF653 /* GTRepository.h */,
				94BF7943150E3A3300FCF653 /* GTRepository.m */,
				94BF7944150E3A3300FCF653 /* GTRepository+Private.h */,
				94BF7945150E3A3300FCF653 /* GTSignature.h */,
				94BF7946150E3A3300FCF653 /* GTSignature.m */,
				94BF7947150E3A3300FCF653 /* GTTag.h */,
				94BF7948150E3A3400FCF653 /* GTTag.m */,
				94BF7949150E3A3400FCF653 /* GTTree.h */,
				94BF794A150E3A3400FCF653 /* GTTree.m */,
				94BF794B150E3A3400FCF653 /* GTTreeEntry.h */,
				94BF794C150E3A3400FCF653 /* GTTreeEntry.m */,
				94BF7917150E398400FCF653 /* ObjectiveGit.h */,
				94BF7915150E398400FCF653 /* Supporting Files */,
			);
			path = ObjectiveGit;
			sourceTree = "<group>";
		};
		94BF7915150E398400FCF653 /* Supporting Files */ = {
			isa = PBXGroup;
			children = (
				94BF7916150E398400FCF653 /* ObjectiveGit-Prefix.pch */,
			);
			name = "Supporting Files";
			sourceTree = "<group>";
		};
		94BF7925150E3A3300FCF653 /* Categories */ = {
			isa = PBXGroup;
			children = (
				94BF7926150E3A3300FCF653 /* NSData+Git.h */,
				94BF7927150E3A3300FCF653 /* NSData+Git.m */,
				94BF7928150E3A3300FCF653 /* NSError+Git.h */,
				94BF7929150E3A3300FCF653 /* NSError+Git.m */,
				94BF792A150E3A3300FCF653 /* NSString+Git.h */,
				94BF792B150E3A3300FCF653 /* NSString+Git.m */,
			);
			path = Categories;
			sourceTree = "<group>";
		};
		94BF7D02150E525000FCF653 /* libgit2 */ = {
			isa = PBXGroup;
			children = (
				94BF7FC2150F96A900FCF653 /* include */,
				94BF7F9A150F912200FCF653 /* git2.h */,
			);
			name = libgit2;
			sourceTree = "<group>";
		};
		94BF7FC2150F96A900FCF653 /* include */ = {
			isa = PBXGroup;
			children = (
				94BF8048150F9D8E00FCF653 /* git2 */,
			);
			name = include;
			path = ../libgit2/include;
			sourceTree = "<group>";
		};
/* End PBXGroup section */

/* Begin PBXHeadersBuildPhase section */
		94BF790D150E398400FCF653 /* Headers */ = {
			isa = PBXHeadersBuildPhase;
			buildActionMask = 2147483647;
			files = (
				94BF7CE6150E491B00FCF653 /* NSData+Git.h in Headers */,
				94BF7CE7150E491B00FCF653 /* NSError+Git.h in Headers */,
				94BF7CE8150E491B00FCF653 /* NSString+Git.h in Headers */,
				94BF7CE9150E491B00FCF653 /* GTBlob.h in Headers */,
				94BF7CEA150E491B00FCF653 /* GTBranch.h in Headers */,
				94BF7CEB150E491B00FCF653 /* GTCommit.h in Headers */,
				94BF7CEC150E491B00FCF653 /* GTConfiguration.h in Headers */,
				94BF7CED150E491B00FCF653 /* GTEnumerator.h in Headers */,
				94BF7CEE150E491B00FCF653 /* GTIndex.h in Headers */,
				94BF7CEF150E491B00FCF653 /* GTIndexEntry.h in Headers */,
				94BF7CF0150E491B00FCF653 /* GTObject.h in Headers */,
				94BF7CF1150E491B00FCF653 /* GTObjectDatabase.h in Headers */,
				94BF7CF2150E491B00FCF653 /* GTOdbObject.h in Headers */,
				94BF7CF3150E491B00FCF653 /* GTReference.h in Headers */,
				94BF7CF4150E491B00FCF653 /* GTRepository.h in Headers */,
				94BF7CF5150E491B00FCF653 /* GTSignature.h in Headers */,
				94BF7CF6150E491B00FCF653 /* GTTag.h in Headers */,
				94BF7CF7150E491B00FCF653 /* GTTree.h in Headers */,
				94BF7CF8150E491B00FCF653 /* GTTreeEntry.h in Headers */,
				94BF7CFE150E4C7A00FCF653 /* dct_weak.h in Headers */,
				94BF7CF9150E491B00FCF653 /* ObjectiveGit.h in Headers */,
				94BF796B150E3A3400FCF653 /* GTRepository+Private.h in Headers */,
				94BF7F9B150F912200FCF653 /* git2.h in Headers */,
			);
			runOnlyForDeploymentPostprocessing = 0;
		};
/* End PBXHeadersBuildPhase section */

/* Begin PBXNativeTarget section */
		94BF790E150E398400FCF653 /* ObjectiveGit */ = {
			isa = PBXNativeTarget;
			buildConfigurationList = 94BF791C150E398400FCF653 /* Build configuration list for PBXNativeTarget "ObjectiveGit" */;
			buildPhases = (
				94BF790B150E398400FCF653 /* Sources */,
				94BF790C150E398400FCF653 /* Frameworks */,
				94BF790D150E398400FCF653 /* Headers */,
			);
			buildRules = (
			);
			dependencies = (
			);
			name = ObjectiveGit;
			productName = ObjectiveGit;
			productReference = 94BF790F150E398400FCF653 /* libObjectiveGit.a */;
			productType = "com.apple.product-type.library.static";
		};
/* End PBXNativeTarget section */

/* Begin PBXProject section */
		94BF7906150E398400FCF653 /* Project object */ = {
			isa = PBXProject;
			attributes = {
				LastUpgradeCheck = 0420;
				ORGANIZATIONNAME = "Siemens Corporate Research";
			};
			buildConfigurationList = 94BF7909150E398400FCF653 /* Build configuration list for PBXProject "ObjectiveGit" */;
			compatibilityVersion = "Xcode 3.2";
			developmentRegion = English;
			hasScannedForEncodings = 0;
			knownRegions = (
				en,
			);
			mainGroup = 94BF7904150E398400FCF653;
			productRefGroup = 94BF7910150E398400FCF653 /* Products */;
			projectDirPath = "";
			projectRoot = "";
			targets = (
				94BF790E150E398400FCF653 /* ObjectiveGit */,
			);
		};
/* End PBXProject section */

/* Begin PBXSourcesBuildPhase section */
		94BF790B150E398400FCF653 /* Sources */ = {
			isa = PBXSourcesBuildPhase;
			buildActionMask = 2147483647;
			files = (
				94BF794E150E3A3400FCF653 /* NSData+Git.m in Sources */,
				94BF7950150E3A3400FCF653 /* NSError+Git.m in Sources */,
				94BF7952150E3A3400FCF653 /* NSString+Git.m in Sources */,
				94BF7954150E3A3400FCF653 /* GTBlob.m in Sources */,
				94BF7956150E3A3400FCF653 /* GTBranch.m in Sources */,
				94BF7958150E3A3400FCF653 /* GTCommit.m in Sources */,
				94BF795A150E3A3400FCF653 /* GTConfiguration.m in Sources */,
				94BF795C150E3A3400FCF653 /* GTEnumerator.m in Sources */,
				94BF795E150E3A3400FCF653 /* GTIndex.m in Sources */,
				94BF7960150E3A3400FCF653 /* GTIndexEntry.m in Sources */,
				94BF7962150E3A3400FCF653 /* GTObject.m in Sources */,
				94BF7964150E3A3400FCF653 /* GTObjectDatabase.m in Sources */,
				94BF7966150E3A3400FCF653 /* GTOdbObject.m in Sources */,
				94BF7968150E3A3400FCF653 /* GTReference.m in Sources */,
				94BF796A150E3A3400FCF653 /* GTRepository.m in Sources */,
				94BF796D150E3A3400FCF653 /* GTSignature.m in Sources */,
				94BF796F150E3A3400FCF653 /* GTTag.m in Sources */,
				94BF7971150E3A3400FCF653 /* GTTree.m in Sources */,
				94BF7973150E3A3400FCF653 /* GTTreeEntry.m in Sources */,
			);
			runOnlyForDeploymentPostprocessing = 0;
		};
/* End PBXSourcesBuildPhase section */

/* Begin XCBuildConfiguration section */
		9404E8EF1541A6AD00C5E1BA /* Distribute */ = {
			isa = XCBuildConfiguration;
			buildSettings = {
				ALWAYS_SEARCH_USER_PATHS = NO;
				ARCHS = "$(ARCHS_STANDARD_32_BIT)";
				CLANG_ENABLE_OBJC_ARC = YES;
				CODE_SIGN_IDENTITY = "iPhone Distribution";
				COPY_PHASE_STRIP = YES;
				GCC_C_LANGUAGE_STANDARD = gnu99;
				GCC_VERSION = com.apple.compilers.llvm.clang.1_0;
				GCC_WARN_ABOUT_MISSING_PROTOTYPES = YES;
				GCC_WARN_ABOUT_RETURN_TYPE = YES;
				GCC_WARN_UNUSED_VARIABLE = YES;
				IPHONEOS_DEPLOYMENT_TARGET = 4.0;
				PROVISIONING_PROFILE = "";
				SDKROOT = iphoneos;
				SKIP_INSTALL = YES;
				USER_HEADER_SEARCH_PATHS = "$(SRCROOT)/libgit2/include";
				VALIDATE_PRODUCT = YES;
			};
			name = Distribute;
		};
		9404E8F01541A6AD00C5E1BA /* Distribute */ = {
			isa = XCBuildConfiguration;
			buildSettings = {
				CLANG_ENABLE_OBJC_ARC = YES;
				CODE_SIGN_IDENTITY = "iPhone Distribution";
				DSTROOT = /tmp/ObjectiveGit.dst;
				GCC_PRECOMPILE_PREFIX_HEADER = YES;
				GCC_PREFIX_HEADER = "ObjectiveGit/ObjectiveGit-Prefix.pch";
				HEADER_SEARCH_PATHS = "$(SRCROOT)/libgit2/include";
				LIBRARY_SEARCH_PATHS = (
					"$(inherited)",
					"\"$(SRCROOT)/../../../../../Library/Developer/Xcode/DerivedData/CodeNavigator-cqumyjavssthetbukoyrbkckdvkq/Build/Products/Debug-iphoneos\"",
					"\"$(SRCROOT)/../libgit2\"",
				);
				OTHER_LDFLAGS = "-ObjC";
				PRODUCT_NAME = "$(TARGET_NAME)";
				PROVISIONING_PROFILE = "";
				SKIP_INSTALL = YES;
			};
			name = Distribute;
		};
		94BF791A150E398400FCF653 /* Debug */ = {
			isa = XCBuildConfiguration;
			buildSettings = {
				ALWAYS_SEARCH_USER_PATHS = NO;
				ARCHS = "$(ARCHS_STANDARD_32_BIT)";
				CLANG_ENABLE_OBJC_ARC = YES;
				CODE_SIGN_IDENTITY = "iPhone Developer";
				COPY_PHASE_STRIP = NO;
				GCC_C_LANGUAGE_STANDARD = gnu99;
				GCC_DYNAMIC_NO_PIC = NO;
				GCC_OPTIMIZATION_LEVEL = 0;
				GCC_PREPROCESSOR_DEFINITIONS = (
					"DEBUG=1",
					"$(inherited)",
				);
				GCC_SYMBOLS_PRIVATE_EXTERN = NO;
				GCC_VERSION = com.apple.compilers.llvm.clang.1_0;
				GCC_WARN_ABOUT_MISSING_PROTOTYPES = YES;
				GCC_WARN_ABOUT_RETURN_TYPE = YES;
				GCC_WARN_UNUSED_VARIABLE = YES;
				IPHONEOS_DEPLOYMENT_TARGET = 4.0;
				PROVISIONING_PROFILE = "";
				SDKROOT = iphoneos;
				SKIP_INSTALL = YES;
				USER_HEADER_SEARCH_PATHS = "$(SRCROOT)/libgit2/include";
			};
			name = Debug;
		};
		94BF791B150E398400FCF653 /* Release */ = {
			isa = XCBuildConfiguration;
			buildSettings = {
				ALWAYS_SEARCH_USER_PATHS = NO;
				ARCHS = "$(ARCHS_STANDARD_32_BIT)";
				CLANG_ENABLE_OBJC_ARC = YES;
				CODE_SIGN_IDENTITY = "iPhone Developer";
				COPY_PHASE_STRIP = YES;
				GCC_C_LANGUAGE_STANDARD = gnu99;
				GCC_VERSION = com.apple.compilers.llvm.clang.1_0;
				GCC_WARN_ABOUT_MISSING_PROTOTYPES = YES;
				GCC_WARN_ABOUT_RETURN_TYPE = YES;
				GCC_WARN_UNUSED_VARIABLE = YES;
				IPHONEOS_DEPLOYMENT_TARGET = 4.0;
				PROVISIONING_PROFILE = "";
				SDKROOT = iphoneos;
				SKIP_INSTALL = YES;
				USER_HEADER_SEARCH_PATHS = "$(SRCROOT)/libgit2/include";
				VALIDATE_PRODUCT = YES;
			};
			name = Release;
		};
		94BF791D150E398400FCF653 /* Debug */ = {
			isa = XCBuildConfiguration;
			buildSettings = {
				CLANG_ENABLE_OBJC_ARC = YES;
				CODE_SIGN_IDENTITY = "iPhone Developer";
				DSTROOT = /tmp/ObjectiveGit.dst;
				GCC_PRECOMPILE_PREFIX_HEADER = YES;
				GCC_PREFIX_HEADER = "ObjectiveGit/ObjectiveGit-Prefix.pch";
				HEADER_SEARCH_PATHS = "$(SRCROOT)/libgit2/include";
				LIBRARY_SEARCH_PATHS = (
					"$(inherited)",
					"\"$(SRCROOT)/../../../../../Library/Developer/Xcode/DerivedData/CodeNavigator-cqumyjavssthetbukoyrbkckdvkq/Build/Products/Debug-iphoneos\"",
					"\"$(SRCROOT)/../libgit2\"",
				);
				OTHER_LDFLAGS = "-ObjC";
				PRODUCT_NAME = "$(TARGET_NAME)";
				PROVISIONING_PROFILE = "";
				SKIP_INSTALL = YES;
			};
			name = Debug;
		};
		94BF791E150E398400FCF653 /* Release */ = {
			isa = XCBuildConfiguration;
			buildSettings = {
				CLANG_ENABLE_OBJC_ARC = YES;
				CODE_SIGN_IDENTITY = "iPhone Developer";
				DSTROOT = /tmp/ObjectiveGit.dst;
				GCC_PRECOMPILE_PREFIX_HEADER = YES;
				GCC_PREFIX_HEADER = "ObjectiveGit/ObjectiveGit-Prefix.pch";
				HEADER_SEARCH_PATHS = "$(SRCROOT)/libgit2/include";
				LIBRARY_SEARCH_PATHS = (
					"$(inherited)",
					"\"$(SRCROOT)/../../../../../Library/Developer/Xcode/DerivedData/CodeNavigator-cqumyjavssthetbukoyrbkckdvkq/Build/Products/Debug-iphoneos\"",
					"\"$(SRCROOT)/../libgit2\"",
				);
				OTHER_LDFLAGS = "-ObjC";
				PRODUCT_NAME = "$(TARGET_NAME)";
				PROVISIONING_PROFILE = "";
				SKIP_INSTALL = YES;
			};
			name = Release;
		};
/* End XCBuildConfiguration section */

/* Begin XCConfigurationList section */
		94BF7909150E398400FCF653 /* Build configuration list for PBXProject "ObjectiveGit" */ = {
			isa = XCConfigurationList;
			buildConfigurations = (
				94BF791A150E398400FCF653 /* Debug */,
				94BF791B150E398400FCF653 /* Release */,
				9404E8EF1541A6AD00C5E1BA /* Distribute */,
			);
			defaultConfigurationIsVisible = 0;
			defaultConfigurationName = Release;
		};
		94BF791C150E398400FCF653 /* Build configuration list for PBXNativeTarget "ObjectiveGit" */ = {
			isa = XCConfigurationList;
			buildConfigurations = (
				94BF791D150E398400FCF653 /* Debug */,
				94BF791E150E398400FCF653 /* Release */,
				9404E8F01541A6AD00C5E1BA /* Distribute */,
			);
			defaultConfigurationIsVisible = 0;
			defaultConfigurationName = Release;
		};
/* End XCConfigurationList section */
	};
	rootObject = 94BF7906150E398400FCF653 /* Project object */;
}
